
Microsoft Visual Studio Solution File, Format Version 12.00
# Visual Studio Version 17
VisualStudioVersion = 17.13.35913.81
MinimumVisualStudioVersion = 10.0.40219.1
Project("{FAE04EC0-301F-11D3-BF4B-00C04F79EFBC}") = "CleanUps.Shared", "CleanUps.Shared\CleanUps.Shared.csproj", "{4025E7BA-2AA4-4106-A66F-83B8C9818D0B}"
EndProject
Project("{FAE04EC0-301F-11D3-BF4B-00C04F79EFBC}") = "CleanUps.API", "CleanUps.API\CleanUps.API.csproj", "{596DC2C8-013F-4997-BB00-002EA2441D5B}"
EndProject
Project("{FAE04EC0-301F-11D3-BF4B-00C04F79EFBC}") = "CleanUps.DataAccess", "CleanUps.DataAccess\CleanUps.DataAccess.csproj", "{7804B83F-70D8-4F28-A6CF-65BDB0D8C12A}"
EndProject
Project("{FAE04EC0-301F-11D3-BF4B-00C04F79EFBC}") = "CleanUps.BusinessLogic", "CleanUps.BusinessLogic\CleanUps.BusinessLogic.csproj", "{E2095155-B700-4839-994A-C7AA3AF943FA}"
EndProject
Project("{FAE04EC0-301F-11D3-BF4B-00C04F79EFBC}") = "CleanUps.Configuration", "CleanUps.Configuration\CleanUps.Configuration.csproj", "{68DAC63A-1E7D-467F-ABE8-0BE186E618F7}"
EndProject
Project("{FAE04EC0-301F-11D3-BF4B-00C04F79EFBC}") = "CleanUps.MAUI", "CleanUps.MAUI\CleanUps.MAUI\CleanUps.MAUI.csproj", "{96C25A33-5F8D-4A82-8685-8378686B066C}"
EndProject
Project("{FAE04EC0-301F-11D3-BF4B-00C04F79EFBC}") = "CleanUps.MAUI.Shared", "CleanUps.MAUI\CleanUps.MAUI.Shared\CleanUps.MAUI.Shared.csproj", "{A5DCDFCF-2FB7-4B00-8A6D-217EBD648752}"
EndProject
Project("{FAE04EC0-301F-11D3-BF4B-00C04F79EFBC}") = "CleanUps.MAUI.Web", "CleanUps.MAUI\CleanUps.MAUI.Web\CleanUps.MAUI.Web.csproj", "{50945660-380C-4AC3-AD7A-3BEB6C829F4B}"
EndProject
Project("{FAE04EC0-301F-11D3-BF4B-00C04F79EFBC}") = "CleanUps.MAUI.Web.Client", "CleanUps.MAUI\CleanUps.MAUI.Web.Client\CleanUps.MAUI.Web.Client.csproj", "{17E1EFA7-9185-408B-AA79-982D32DE3C0B}"
EndProject
Project("{FAE04EC0-301F-11D3-BF4B-00C04F79EFBC}") = "CleanUps.APIMSTest", "CleanUps.APIMSTest\CleanUps.APIMSTest.csproj", "{99F6D6D9-99F2-4755-BB95-22B3B2615BCA}"
EndProject
Project("{FAE04EC0-301F-11D3-BF4B-00C04F79EFBC}") = "CleanUps.DataAccessMSTest", "CleanUps.DataAccessMSTest\CleanUps.DataAccessMSTest.csproj", "{99A0C3C3-9ED8-488F-A9D3-281FA9A04E2C}"
EndProject
Project("{FAE04EC0-301F-11D3-BF4B-00C04F79EFBC}") = "CleanUps.SharedMSTest", "CleanUps.SharedMSTest\CleanUps.SharedMSTest.csproj", "{19275F5D-E18C-40A1-82BB-2BBB79799FB5}"
EndProject
Project("{2150E333-8FDC-42A3-9474-1A3956D46DE8}") = "MSTests", "MSTests", "{02EA681E-C7D8-13C7-8484-4AC65E1B71E8}"
EndProject
Global
	GlobalSection(SolutionConfigurationPlatforms) = preSolution
		Debug|Any CPU = Debug|Any CPU
		Release|Any CPU = Release|Any CPU
	EndGlobalSection
	GlobalSection(ProjectConfigurationPlatforms) = postSolution
		{4025E7BA-2AA4-4106-A66F-83B8C9818D0B}.Debug|Any CPU.ActiveCfg = Debug|Any CPU
		{4025E7BA-2AA4-4106-A66F-83B8C9818D0B}.Debug|Any CPU.Build.0 = Debug|Any CPU
		{4025E7BA-2AA4-4106-A66F-83B8C9818D0B}.Release|Any CPU.ActiveCfg = Release|Any CPU
		{4025E7BA-2AA4-4106-A66F-83B8C9818D0B}.Release|Any CPU.Build.0 = Release|Any CPU
		{596DC2C8-013F-4997-BB00-002EA2441D5B}.Debug|Any CPU.ActiveCfg = Debug|Any CPU
		{596DC2C8-013F-4997-BB00-002EA2441D5B}.Debug|Any CPU.Build.0 = Debug|Any CPU
		{596DC2C8-013F-4997-BB00-002EA2441D5B}.Release|Any CPU.ActiveCfg = Release|Any CPU
		{596DC2C8-013F-4997-BB00-002EA2441D5B}.Release|Any CPU.Build.0 = Release|Any CPU
		{7804B83F-70D8-4F28-A6CF-65BDB0D8C12A}.Debug|Any CPU.ActiveCfg = Debug|Any CPU
		{7804B83F-70D8-4F28-A6CF-65BDB0D8C12A}.Debug|Any CPU.Build.0 = Debug|Any CPU
		{7804B83F-70D8-4F28-A6CF-65BDB0D8C12A}.Release|Any CPU.ActiveCfg = Release|Any CPU
		{7804B83F-70D8-4F28-A6CF-65BDB0D8C12A}.Release|Any CPU.Build.0 = Release|Any CPU
		{E2095155-B700-4839-994A-C7AA3AF943FA}.Debug|Any CPU.ActiveCfg = Debug|Any CPU
		{E2095155-B700-4839-994A-C7AA3AF943FA}.Debug|Any CPU.Build.0 = Debug|Any CPU
		{E2095155-B700-4839-994A-C7AA3AF943FA}.Release|Any CPU.ActiveCfg = Release|Any CPU
		{E2095155-B700-4839-994A-C7AA3AF943FA}.Release|Any CPU.Build.0 = Release|Any CPU
		{68DAC63A-1E7D-467F-ABE8-0BE186E618F7}.Debug|Any CPU.ActiveCfg = Debug|Any CPU
		{68DAC63A-1E7D-467F-ABE8-0BE186E618F7}.Debug|Any CPU.Build.0 = Debug|Any CPU
		{68DAC63A-1E7D-467F-ABE8-0BE186E618F7}.Release|Any CPU.ActiveCfg = Release|Any CPU
		{68DAC63A-1E7D-467F-ABE8-0BE186E618F7}.Release|Any CPU.Build.0 = Release|Any CPU
		{96C25A33-5F8D-4A82-8685-8378686B066C}.Debug|Any CPU.ActiveCfg = Debug|Any CPU
		{96C25A33-5F8D-4A82-8685-8378686B066C}.Debug|Any CPU.Build.0 = Debug|Any CPU
		{96C25A33-5F8D-4A82-8685-8378686B066C}.Debug|Any CPU.Deploy.0 = Debug|Any CPU
		{96C25A33-5F8D-4A82-8685-8378686B066C}.Release|Any CPU.ActiveCfg = Release|Any CPU
		{96C25A33-5F8D-4A82-8685-8378686B066C}.Release|Any CPU.Build.0 = Release|Any CPU
		{96C25A33-5F8D-4A82-8685-8378686B066C}.Release|Any CPU.Deploy.0 = Release|Any CPU
		{A5DCDFCF-2FB7-4B00-8A6D-217EBD648752}.Debug|Any CPU.ActiveCfg = Debug|Any CPU
		{A5DCDFCF-2FB7-4B00-8A6D-217EBD648752}.Debug|Any CPU.Build.0 = Debug|Any CPU
		{A5DCDFCF-2FB7-4B00-8A6D-217EBD648752}.Release|Any CPU.ActiveCfg = Release|Any CPU
		{A5DCDFCF-2FB7-4B00-8A6D-217EBD648752}.Release|Any CPU.Build.0 = Release|Any CPU
		{50945660-380C-4AC3-AD7A-3BEB6C829F4B}.Debug|Any CPU.ActiveCfg = Debug|Any CPU
		{50945660-380C-4AC3-AD7A-3BEB6C829F4B}.Debug|Any CPU.Build.0 = Debug|Any CPU
		{50945660-380C-4AC3-AD7A-3BEB6C829F4B}.Release|Any CPU.ActiveCfg = Release|Any CPU
		{50945660-380C-4AC3-AD7A-3BEB6C829F4B}.Release|Any CPU.Build.0 = Release|Any CPU
		{17E1EFA7-9185-408B-AA79-982D32DE3C0B}.Debug|Any CPU.ActiveCfg = Debug|Any CPU
		{17E1EFA7-9185-408B-AA79-982D32DE3C0B}.Debug|Any CPU.Build.0 = Debug|Any CPU
		{17E1EFA7-9185-408B-AA79-982D32DE3C0B}.Release|Any CPU.ActiveCfg = Release|Any CPU
		{17E1EFA7-9185-408B-AA79-982D32DE3C0B}.Release|Any CPU.Build.0 = Release|Any CPU
		{99F6D6D9-99F2-4755-BB95-22B3B2615BCA}.Debug|Any CPU.ActiveCfg = Debug|Any CPU
		{99F6D6D9-99F2-4755-BB95-22B3B2615BCA}.Debug|Any CPU.Build.0 = Debug|Any CPU
		{99F6D6D9-99F2-4755-BB95-22B3B2615BCA}.Release|Any CPU.ActiveCfg = Release|Any CPU
		{99F6D6D9-99F2-4755-BB95-22B3B2615BCA}.Release|Any CPU.Build.0 = Release|Any CPU
		{99A0C3C3-9ED8-488F-A9D3-281FA9A04E2C}.Debug|Any CPU.ActiveCfg = Debug|Any CPU
		{99A0C3C3-9ED8-488F-A9D3-281FA9A04E2C}.Debug|Any CPU.Build.0 = Debug|Any CPU
		{99A0C3C3-9ED8-488F-A9D3-281FA9A04E2C}.Release|Any CPU.ActiveCfg = Release|Any CPU
		{99A0C3C3-9ED8-488F-A9D3-281FA9A04E2C}.Release|Any CPU.Build.0 = Release|Any CPU
		{19275F5D-E18C-40A1-82BB-2BBB79799FB5}.Debug|Any CPU.ActiveCfg = Debug|Any CPU
		{19275F5D-E18C-40A1-82BB-2BBB79799FB5}.Debug|Any CPU.Build.0 = Debug|Any CPU
		{19275F5D-E18C-40A1-82BB-2BBB79799FB5}.Release|Any CPU.ActiveCfg = Release|Any CPU
		{19275F5D-E18C-40A1-82BB-2BBB79799FB5}.Release|Any CPU.Build.0 = Release|Any CPU
	EndGlobalSection
	GlobalSection(SolutionProperties) = preSolution
		HideSolutionNode = FALSE
	EndGlobalSection
	GlobalSection(NestedProjects) = preSolution
		{2A663B69-B79F-4608-8A38-090584A4B6AA} = {02EA681E-C7D8-13C7-8484-4AC65E1B71E8}
		{99A0C3C3-9ED8-488F-A9D3-281FA9A04E2C} = {02EA681E-C7D8-13C7-8484-4AC65E1B71E8}
		{19275F5D-E18C-40A1-82BB-2BBB79799FB5} = {02EA681E-C7D8-13C7-8484-4AC65E1B71E8}
	EndGlobalSection
	GlobalSection(ExtensibilityGlobals) = postSolution
		SolutionGuid = {6D36ABA7-1D83-49F4-8EFD-60F8FEA96A71}
	EndGlobalSection
EndGlobal
